<?xml version="1.0" encoding="utf-8"?>
<Project ToolsVersion="4.0" xmlns="http://schemas.microsoft.com/developer/msbuild/2003">
  <ItemGroup>
    <ClCompile Include="main.cpp" />
    <ClCompile Include="FastNoiseSIMD\FastNoiseSIMD.cpp">
      <Filter>FastNoiseSIMD</Filter>
    </ClCompile>
    <ClCompile Include="FastNoiseSIMD\FastNoiseSIMD_internal.cpp">
      <Filter>FastNoiseSIMD</Filter>
    </ClCompile>
    <ClCompile Include="FastNoiseSIMD\FastNoiseSIMD_avx2.cpp">
      <Filter>FastNoiseSIMD</Filter>
    </ClCompile>
    <ClCompile Include="FastNoiseSIMD\FastNoiseSIMD_avx512.cpp">
      <Filter>FastNoiseSIMD</Filter>
    </ClCompile>
    <ClCompile Include="FastNoiseSIMD\FastNoiseSIMD_sse2.cpp">
      <Filter>FastNoiseSIMD</Filter>
    </ClCompile>
    <ClCompile Include="FastNoiseSIMD\FastNoiseSIMD_sse41.cpp">
      <Filter>FastNoiseSIMD</Filter>
    </ClCompile>
    <ClCompile Include="FastNoiseSIMD_JNI.cpp" />
  </ItemGroup>
  <ItemGroup>
    <ClInclude Include="FastNoiseSIMD\FastNoiseSIMD.h">
      <Filter>FastNoiseSIMD</Filter>
    </ClInclude>
    <ClInclude Include="FastNoiseSIMD\FastNoiseSIMD_internal.h">
      <Filter>FastNoiseSIMD</Filter>
    </ClInclude>
    <ClInclude Include="FastNoiseSIMD_JNI.h" />
  </ItemGroup>
  <ItemGroup>
    <Filter Include="FastNoiseSIMD">
      <UniqueIdentifier>{c61dc591-a617-432f-a197-4f3248ef243f}</UniqueIdentifier>
    </Filter>
  </ItemGroup>
</Project>