// !$*UTF8*$!
{
	archiveVersion = 1;
	classes = {
	};
	objectVersion = 46;
	objects = {

/* Begin PBXBuildFile section */
		B7E6220E1D0E033F005327D6 /* FastNoiseSIMD_internal.cpp in Sources */ = {isa = PBXBuildFile; fileRef = B7E6220A1D0E033F005327D6 /* FastNoiseSIMD_internal.cpp */; settings = {COMPILER_FLAGS = " "; }; };
		B7E6220F1D0E033F005327D6 /* FastNoiseSIMD_internal.h in Headers */ = {isa = PBXBuildFile; fileRef = B7E6220B1D0E033F005327D6 /* FastNoiseSIMD_internal.h */; };
		B7E622101D0E033F005327D6 /* FastNoiseSIMD.cpp in Sources */ = {isa = PBXBuildFile; fileRef = B7E6220C1D0E033F005327D6 /* FastNoiseSIMD.cpp */; };
		B7E622111D0E033F005327D6 /* FastNoiseSIMD.h in Headers */ = {isa = PBXBuildFile; fileRef = B7E6220D1D0E033F005327D6 /* FastNoiseSIMD.h */; };
		B7E622311D0E2174005327D6 /* FastNoiseSIMD_sse41.cpp in Sources */ = {isa = PBXBuildFile; fileRef = B7E622301D0E2174005327D6 /* FastNoiseSIMD_sse41.cpp */; };
		CEB506DF1D2C7FC700AD90CC /* FastNoiseSIMD_JNI.cpp in Sources */ = {isa = PBXBuildFile; fileRef = CEB506DD1D2C7FC700AD90CC /* FastNoiseSIMD_JNI.cpp */; };
		CEB506E01D2C7FC700AD90CC /* FastNoiseSIMD_JNI.h in Headers */ = {isa = PBXBuildFile; fileRef = CEB506DE1D2C7FC700AD90CC /* FastNoiseSIMD_JNI.h */; };
		CEB506E31D2C802400AD90CC /* FastNoiseSIMD_avx2.cpp in Sources */ = {isa = PBXBuildFile; fileRef = CEB506E11D2C802400AD90CC /* FastNoiseSIMD_avx2.cpp */; };
		CEB506E41D2C802400AD90CC /* FastNoiseSIMD_sse2.cpp in Sources */ = {isa = PBXBuildFile; fileRef = CEB506E21D2C802400AD90CC /* FastNoiseSIMD_sse2.cpp */; };
/* End PBXBuildFile section */

/* Begin PBXFileReference section */
		B7E621EA1D0DFFCD005327D6 /* libStarMadeNative.dylib. */ = {isa = PBXFileReference; explicitFileType = wrapper.cfbundle; includeInIndex = 0; path = libStarMadeNative.dylib.; sourceTree = BUILT_PRODUCTS_DIR; };
		B7E621ED1D0DFFCD005327D6 /* CoreFoundation.framework */ = {isa = PBXFileReference; lastKnownFileType = wrapper.framework; name = CoreFoundation.framework; path = System/Library/Frameworks/CoreFoundation.framework; sourceTree = SDKROOT; };
		B7E621FF1D0E0093005327D6 /* JavaFrameEmbedding.framework */ = {isa = PBXFileReference; lastKnownFileType = wrapper.framework; name = JavaFrameEmbedding.framework; path = System/Library/Frameworks/JavaFrameEmbedding.framework; sourceTree = SDKROOT; };
		B7E622001D0E0093005327D6 /* JavaScriptCore.framework */ = {isa = PBXFileReference; lastKnownFileType = wrapper.framework; name = JavaScriptCore.framework; path = System/Library/Frameworks/JavaScriptCore.framework; sourceTree = SDKROOT; };
		B7E622011D0E0093005327D6 /* JavaVM.framework */ = {isa = PBXFileReference; lastKnownFileType = wrapper.framework; name = JavaVM.framework; path = System/Library/Frameworks/JavaVM.framework; sourceTree = SDKROOT; };
		B7E6220A1D0E033F005327D6 /* FastNoiseSIMD_internal.cpp */ = {isa = PBXFileReference; fileEncoding = 4; lastKnownFileType = sourcecode.cpp.cpp; name = FastNoiseSIMD_internal.cpp; path = FastNoiseSIMD/FastNoiseSIMD_internal.cpp; sourceTree = "<group>"; };
		B7E6220B1D0E033F005327D6 /* FastNoiseSIMD_internal.h */ = {isa = PBXFileReference; fileEncoding = 4; lastKnownFileType = sourcecode.c.h; name = FastNoiseSIMD_internal.h; path = FastNoiseSIMD/FastNoiseSIMD_internal.h; sourceTree = "<group>"; };
		B7E6220C1D0E033F005327D6 /* FastNoiseSIMD.cpp */ = {isa = PBXFileReference; fileEncoding = 4; lastKnownFileType = sourcecode.cpp.cpp; name = FastNoiseSIMD.cpp; path = FastNoiseSIMD/FastNoiseSIMD.cpp; sourceTree = "<group>"; };
		B7E6220D1D0E033F005327D6 /* FastNoiseSIMD.h */ = {isa = PBXFileReference; fileEncoding = 4; lastKnownFileType = sourcecode.c.h; name = FastNoiseSIMD.h; path = FastNoiseSIMD/FastNoiseSIMD.h; sourceTree = "<group>"; };
		B7E622301D0E2174005327D6 /* FastNoiseSIMD_sse41.cpp */ = {isa = PBXFileReference; fileEncoding = 4; lastKnownFileType = sourcecode.cpp.cpp; name = FastNoiseSIMD_sse41.cpp; path = FastNoiseSIMD/FastNoiseSIMD_sse41.cpp; sourceTree = "<group>"; };
		CEB506DD1D2C7FC700AD90CC /* FastNoiseSIMD_JNI.cpp */ = {isa = PBXFileReference; fileEncoding = 4; lastKnownFileType = sourcecode.cpp.cpp; path = FastNoiseSIMD_JNI.cpp; sourceTree = "<group>"; };
		CEB506DE1D2C7FC700AD90CC /* FastNoiseSIMD_JNI.h */ = {isa = PBXFileReference; fileEncoding = 4; lastKnownFileType = sourcecode.c.h; path = FastNoiseSIMD_JNI.h; sourceTree = "<group>"; };
		CEB506E11D2C802400AD90CC /* FastNoiseSIMD_avx2.cpp */ = {isa = PBXFileReference; fileEncoding = 4; lastKnownFileType = sourcecode.cpp.cpp; name = FastNoiseSIMD_avx2.cpp; path = FastNoiseSIMD/FastNoiseSIMD_avx2.cpp; sourceTree = "<group>"; };
		CEB506E21D2C802400AD90CC /* FastNoiseSIMD_sse2.cpp */ = {isa = PBXFileReference; fileEncoding = 4; lastKnownFileType = sourcecode.cpp.cpp; name = FastNoiseSIMD_sse2.cpp; path = FastNoiseSIMD/FastNoiseSIMD_sse2.cpp; sourceTree = "<group>"; };
/* End PBXFileReference section */

/* Begin PBXFrameworksBuildPhase section */
		B7E621E71D0DFFCD005327D6 /* Frameworks */ = {
			isa = PBXFrameworksBuildPhase;
			buildActionMask = 2147483647;
			files = (
			);
			runOnlyForDeploymentPostprocessing = 0;
		};
/* End PBXFrameworksBuildPhase section */

/* Begin PBXGroup section */
		B7E621E11D0DFFCD005327D6 = {
			isa = PBXGroup;
			children = (
				CEB506E11D2C802400AD90CC /* FastNoiseSIMD_avx2.cpp */,
				CEB506E21D2C802400AD90CC /* FastNoiseSIMD_sse2.cpp */,
				CEB506DD1D2C7FC700AD90CC /* FastNoiseSIMD_JNI.cpp */,
				CEB506DE1D2C7FC700AD90CC /* FastNoiseSIMD_JNI.h */,
				B7E622301D0E2174005327D6 /* FastNoiseSIMD_sse41.cpp */,
				B7E6220A1D0E033F005327D6 /* FastNoiseSIMD_internal.cpp */,
				B7E6220B1D0E033F005327D6 /* FastNoiseSIMD_internal.h */,
				B7E6220C1D0E033F005327D6 /* FastNoiseSIMD.cpp */,
				B7E6220D1D0E033F005327D6 /* FastNoiseSIMD.h */,
				B7E621EC1D0DFFCD005327D6 /* Frameworks */,
				B7E621EB1D0DFFCD005327D6 /* Products */,
			);
			sourceTree = "<group>";
		};
		B7E621EB1D0DFFCD005327D6 /* Products */ = {
			isa = PBXGroup;
			children = (
				B7E621EA1D0DFFCD005327D6 /* libStarMadeNative.dylib. */,
			);
			name = Products;
			sourceTree = "<group>";
		};
		B7E621EC1D0DFFCD005327D6 /* Frameworks */ = {
			isa = PBXGroup;
			children = (
				B7E621FF1D0E0093005327D6 /* JavaFrameEmbedding.framework */,
				B7E622001D0E0093005327D6 /* JavaScriptCore.framework */,
				B7E622011D0E0093005327D6 /* JavaVM.framework */,
				B7E621ED1D0DFFCD005327D6 /* CoreFoundation.framework */,
			);
			name = Frameworks;
			sourceTree = "<group>";
		};
/* End PBXGroup section */

/* Begin PBXHeadersBuildPhase section */
		B7E621E81D0DFFCD005327D6 /* Headers */ = {
			isa = PBXHeadersBuildPhase;
			buildActionMask = 2147483647;
			files = (
				CEB506E01D2C7FC700AD90CC /* FastNoiseSIMD_JNI.h in Headers */,
				B7E622111D0E033F005327D6 /* FastNoiseSIMD.h in Headers */,
				B7E6220F1D0E033F005327D6 /* FastNoiseSIMD_internal.h in Headers */,
			);
			runOnlyForDeploymentPostprocessing = 0;
		};
/* End PBXHeadersBuildPhase section */

/* Begin PBXNativeTarget section */
		B7E621E91D0DFFCD005327D6 /* StarMadeNative */ = {
			isa = PBXNativeTarget;
			buildConfigurationList = B7E621FC1D0DFFCD005327D6 /* Build configuration list for PBXNativeTarget "StarMadeNative" */;
			buildPhases = (
				B7E621E61D0DFFCD005327D6 /* Sources */,
				B7E621E71D0DFFCD005327D6 /* Frameworks */,
				B7E621E81D0DFFCD005327D6 /* Headers */,
			);
			buildRules = (
			);
			dependencies = (
			);
			name = StarMadeNative;
			productName = StarMadeNative;
			productReference = B7E621EA1D0DFFCD005327D6 /* libStarMadeNative.dylib. */;
			productType = "com.apple.product-type.bundle";
		};
/* End PBXNativeTarget section */

/* Begin PBXProject section */
		B7E621E21D0DFFCD005327D6 /* Project object */ = {
			isa = PBXProject;
			attributes = {
				LastUpgradeCheck = 0640;
				ORGANIZATIONNAME = Schine;
				TargetAttributes = {
					B7E621E91D0DFFCD005327D6 = {
						CreatedOnToolsVersion = 6.4;
					};
				};
			};
			buildConfigurationList = B7E621E51D0DFFCD005327D6 /* Build configuration list for PBXProject "StarMadeNative" */;
			compatibilityVersion = "Xcode 3.2";
			developmentRegion = English;
			hasScannedForEncodings = 0;
			knownRegions = (
				en,
			);
			mainGroup = B7E621E11D0DFFCD005327D6;
			productRefGroup = B7E621EB1D0DFFCD005327D6 /* Products */;
			projectDirPath = "";
			projectRoot = "";
			targets = (
				B7E621E91D0DFFCD005327D6 /* StarMadeNative */,
			);
		};
/* End PBXProject section */

/* Begin PBXSourcesBuildPhase section */
		B7E621E61D0DFFCD005327D6 /* Sources */ = {
			isa = PBXSourcesBuildPhase;
			buildActionMask = 2147483647;
			files = (
				CEB506E41D2C802400AD90CC /* FastNoiseSIMD_sse2.cpp in Sources */,
				CEB506E31D2C802400AD90CC /* FastNoiseSIMD_avx2.cpp in Sources */,
				B7E622311D0E2174005327D6 /* FastNoiseSIMD_sse41.cpp in Sources */,
				B7E622101D0E033F005327D6 /* FastNoiseSIMD.cpp in Sources */,
				B7E6220E1D0E033F005327D6 /* FastNoiseSIMD_internal.cpp in Sources */,
				CEB506DF1D2C7FC700AD90CC /* FastNoiseSIMD_JNI.cpp in Sources */,
			);
			runOnlyForDeploymentPostprocessing = 0;
		};
/* End PBXSourcesBuildPhase section */

/* Begin XCBuildConfiguration section */
		B7E621FA1D0DFFCD005327D6 /* Debug */ = {
			isa = XCBuildConfiguration;
			buildSettings = {
				ALWAYS_SEARCH_USER_PATHS = NO;
				CLANG_CXX_LANGUAGE_STANDARD = "gnu++0x";
				CLANG_CXX_LIBRARY = "libc++";
				CLANG_ENABLE_MODULES = YES;
				CLANG_ENABLE_OBJC_ARC = YES;
				CLANG_WARN_BOOL_CONVERSION = YES;
				CLANG_WARN_CONSTANT_CONVERSION = YES;
				CLANG_WARN_DIRECT_OBJC_ISA_USAGE = YES_ERROR;
				CLANG_WARN_EMPTY_BODY = YES;
				CLANG_WARN_ENUM_CONVERSION = YES;
				CLANG_WARN_INT_CONVERSION = YES;
				CLANG_WARN_OBJC_ROOT_CLASS = YES_ERROR;
				CLANG_WARN_UNREACHABLE_CODE = YES;
				CLANG_WARN__DUPLICATE_METHOD_MATCH = YES;
				COPY_PHASE_STRIP = NO;
				DEBUG_INFORMATION_FORMAT = dwarf;
				ENABLE_STRICT_OBJC_MSGSEND = YES;
				GCC_C_LANGUAGE_STANDARD = gnu99;
				GCC_DYNAMIC_NO_PIC = NO;
				GCC_NO_COMMON_BLOCKS = YES;
				GCC_OPTIMIZATION_LEVEL = 0;
				GCC_PREPROCESSOR_DEFINITIONS = (
					"DEBUG=1",
					"$(inherited)",
				);
				GCC_SYMBOLS_PRIVATE_EXTERN = NO;
				GCC_WARN_64_TO_32_BIT_CONVERSION = YES;
				GCC_WARN_ABOUT_RETURN_TYPE = YES_ERROR;
				GCC_WARN_UNDECLARED_SELECTOR = YES;
				GCC_WARN_UNINITIALIZED_AUTOS = YES_AGGRESSIVE;
				GCC_WARN_UNUSED_FUNCTION = YES;
				GCC_WARN_UNUSED_VARIABLE = YES;
				MACOSX_DEPLOYMENT_TARGET = 10.10;
				MTL_ENABLE_DEBUG_INFO = YES;
				ONLY_ACTIVE_ARCH = YES;
				SDKROOT = macosx;
			};
			name = Debug;
		};
		B7E621FB1D0DFFCD005327D6 /* Release */ = {
			isa = XCBuildConfiguration;
			buildSettings = {
				ALWAYS_SEARCH_USER_PATHS = NO;
				CLANG_CXX_LANGUAGE_STANDARD = "gnu++0x";
				CLANG_CXX_LIBRARY = "libc++";
				CLANG_ENABLE_MODULES = YES;
				CLANG_ENABLE_OBJC_ARC = YES;
				CLANG_WARN_BOOL_CONVERSION = YES;
				CLANG_WARN_CONSTANT_CONVERSION = YES;
				CLANG_WARN_DIRECT_OBJC_ISA_USAGE = YES_ERROR;
				CLANG_WARN_EMPTY_BODY = YES;
				CLANG_WARN_ENUM_CONVERSION = YES;
				CLANG_WARN_INT_CONVERSION = YES;
				CLANG_WARN_OBJC_ROOT_CLASS = YES_ERROR;
				CLANG_WARN_UNREACHABLE_CODE = YES;
				CLANG_WARN__DUPLICATE_METHOD_MATCH = YES;
				COPY_PHASE_STRIP = NO;
				DEBUG_INFORMATION_FORMAT = "dwarf-with-dsym";
				ENABLE_NS_ASSERTIONS = NO;
				ENABLE_STRICT_OBJC_MSGSEND = YES;
				GCC_C_LANGUAGE_STANDARD = gnu99;
				GCC_NO_COMMON_BLOCKS = YES;
				GCC_WARN_64_TO_32_BIT_CONVERSION = YES;
				GCC_WARN_ABOUT_RETURN_TYPE = YES_ERROR;
				GCC_WARN_UNDECLARED_SELECTOR = YES;
				GCC_WARN_UNINITIALIZED_AUTOS = YES_AGGRESSIVE;
				GCC_WARN_UNUSED_FUNCTION = YES;
				GCC_WARN_UNUSED_VARIABLE = YES;
				MACOSX_DEPLOYMENT_TARGET = 10.10;
				MTL_ENABLE_DEBUG_INFO = NO;
				SDKROOT = macosx;
			};
			name = Release;
		};
		B7E621FD1D0DFFCD005327D6 /* Debug */ = {
			isa = XCBuildConfiguration;
			buildSettings = {
				ARCHS = "arm64 x86_64";
				COMBINE_HIDPI_IMAGES = YES;
				EXECUTABLE_EXTENSION = "";
				HEADER_SEARCH_PATHS = (
					"$(inherited)",
					"$(JAVA_HOME)/include",
					"$(JAVA_HOME)/include/darwin",
				);
				INFOPLIST_FILE = "";
				LLVM_LTO = NO;
				MACH_O_TYPE = mh_dylib;
				MACOSX_DEPLOYMENT_TARGET = 11.0;
				"OTHER_CPLUSPLUSFLAGS[arch=x86_64]" = "-march=core-avx2";
				OTHER_LDFLAGS = (
					"$(inherited)",
					"-undefined",
					dynamic_lookup,
				);
				PRODUCT_NAME = "lib$(TARGET_NAME).dylib";
				SDKROOT = macosx;
				SYMROOT = builds;
				WRAPPER_EXTENSION = "";
			};
			name = Debug;
		};
		B7E621FE1D0DFFCD005327D6 /* Release */ = {
			isa = XCBuildConfiguration;
			buildSettings = {
				ARCHS = "arm64 x86_64";
				COMBINE_HIDPI_IMAGES = YES;
				EXECUTABLE_EXTENSION = "";
				GCC_OPTIMIZATION_LEVEL = fast;
				HEADER_SEARCH_PATHS = (
					"$(inherited)",
					"$(JAVA_HOME)/include",
					"$(JAVA_HOME)/include/darwin",
				);
				INFOPLIST_FILE = "";
				LLVM_LTO = NO;
				MACH_O_TYPE = mh_dylib;
				MACOSX_DEPLOYMENT_TARGET = 11.0;
				"OTHER_CPLUSPLUSFLAGS[arch=x86_64]" = "-march=core-avx2";
				OTHER_LDFLAGS = (
					"$(inherited)",
					"-undefined",
					dynamic_lookup,
				);
				PRODUCT_NAME = "lib$(TARGET_NAME).dylib";
				SDKROOT = macosx;
				SYMROOT = builds;
				WRAPPER_EXTENSION = "";
			};
			name = Release;
		};
/* End XCBuildConfiguration section */

/* Begin XCConfigurationList section */
		B7E621E51D0DFFCD005327D6 /* Build configuration list for PBXProject "StarMadeNative" */ = {
			isa = XCConfigurationList;
			buildConfigurations = (
				B7E621FA1D0DFFCD005327D6 /* Debug */,
				B7E621FB1D0DFFCD005327D6 /* Release */,
			);
			defaultConfigurationIsVisible = 0;
			defaultConfigurationName = Release;
		};
		B7E621FC1D0DFFCD005327D6 /* Build configuration list for PBXNativeTarget "StarMadeNative" */ = {
			isa = XCConfigurationList;
			buildConfigurations = (
				B7E621FD1D0DFFCD005327D6 /* Debug */,
				B7E621FE1D0DFFCD005327D6 /* Release */,
			);
			defaultConfigurationIsVisible = 0;
			defaultConfigurationName = Release;
		};
/* End XCConfigurationList section */
	};
	rootObject = B7E621E21D0DFFCD005327D6 /* Project object */;
}
